
Microsoft Visual Studio Solution File, Format Version 12.00
# Visual Studio Version 17
VisualStudioVersion = 17.4.33213.308
MinimumVisualStudioVersion = 10.0.40219.1
Project("{8BC9CEB8-8B4A-11D0-8D11-00A0C91BC942}") = "ScaphandreDrv", "ScaphandreDrv.vcxproj", "{69876D47-2713-4CB9-A177-8A3E8580CD26}"
EndProject
Project("{8BC9CEB8-8B4A-11D0-8D11-00A0C91BC942}") = "DriverLoader", "..\DriverLoader\DriverLoader.vcxproj", "{AF947F23-E789-4085-ABDF-6DF2BF066E82}"
EndProject
Global
	GlobalSection(SolutionConfigurationPlatforms) = preSolution
		Debug|ARM = Debug|ARM
		Debug|ARM64 = Debug|ARM64
		Debug|x64 = Debug|x64
		Debug|x86 = Debug|x86
		Release|ARM = Release|ARM
		Release|ARM64 = Release|ARM64
		Release|x64 = Release|x64
		Release|x86 = Release|x86
	EndGlobalSection
	GlobalSection(ProjectConfigurationPlatforms) = postSolution
		{69876D47-2713-4CB9-A177-8A3E8580CD26}.Debug|ARM.ActiveCfg = Debug|ARM
		{69876D47-2713-4CB9-A177-8A3E8580CD26}.Debug|ARM.Build.0 = Debug|ARM
		{69876D47-2713-4CB9-A177-8A3E8580CD26}.Debug|ARM.Deploy.0 = Debug|ARM
		{69876D47-2713-4CB9-A177-8A3E8580CD26}.Debug|ARM64.ActiveCfg = Debug|ARM64
		{69876D47-2713-4CB9-A177-8A3E8580CD26}.Debug|ARM64.Build.0 = Debug|ARM64
		{69876D47-2713-4CB9-A177-8A3E8580CD26}.Debug|ARM64.Deploy.0 = Debug|ARM64
		{69876D47-2713-4CB9-A177-8A3E8580CD26}.Debug|x64.ActiveCfg = Debug|x64
		{69876D47-2713-4CB9-A177-8A3E8580CD26}.Debug|x64.Build.0 = Debug|x64
		{69876D47-2713-4CB9-A177-8A3E8580CD26}.Debug|x64.Deploy.0 = Debug|x64
		{69876D47-2713-4CB9-A177-8A3E8580CD26}.Debug|x86.ActiveCfg = Debug|Win32
		{69876D47-2713-4CB9-A177-8A3E8580CD26}.Debug|x86.Build.0 = Debug|Win32
		{69876D47-2713-4CB9-A177-8A3E8580CD26}.Debug|x86.Deploy.0 = Debug|Win32
		{69876D47-2713-4CB9-A177-8A3E8580CD26}.Release|ARM.ActiveCfg = Release|ARM
		{69876D47-2713-4CB9-A177-8A3E8580CD26}.Release|ARM.Build.0 = Release|ARM
		{69876D47-2713-4CB9-A177-8A3E8580CD26}.Release|ARM.Deploy.0 = Release|ARM
		{69876D47-2713-4CB9-A177-8A3E8580CD26}.Release|ARM64.ActiveCfg = Release|ARM64
		{69876D47-2713-4CB9-A177-8A3E8580CD26}.Release|ARM64.Build.0 = Release|ARM64
		{69876D47-2713-4CB9-A177-8A3E8580CD26}.Release|ARM64.Deploy.0 = Release|ARM64
		{69876D47-2713-4CB9-A177-8A3E8580CD26}.Release|x64.ActiveCfg = Release|x64
		{69876D47-2713-4CB9-A177-8A3E8580CD26}.Release|x64.Build.0 = Release|x64
		{69876D47-2713-4CB9-A177-8A3E8580CD26}.Release|x86.ActiveCfg = Release|Win32
		{69876D47-2713-4CB9-A177-8A3E8580CD26}.Release|x86.Build.0 = Release|Win32
		{AF947F23-E789-4085-ABDF-6DF2BF066E82}.Debug|ARM.ActiveCfg = Debug|x64
		{AF947F23-E789-4085-ABDF-6DF2BF066E82}.Debug|ARM.Build.0 = Debug|x64
		{AF947F23-E789-4085-ABDF-6DF2BF066E82}.Debug|ARM64.ActiveCfg = Debug|x64
		{AF947F23-E789-4085-ABDF-6DF2BF066E82}.Debug|ARM64.Build.0 = Debug|x64
		{AF947F23-E789-4085-ABDF-6DF2BF066E82}.Debug|x64.ActiveCfg = Debug|x64
		{AF947F23-E789-4085-ABDF-6DF2BF066E82}.Debug|x64.Build.0 = Debug|x64
		{AF947F23-E789-4085-ABDF-6DF2BF066E82}.Debug|x86.ActiveCfg = Debug|Win32
		{AF947F23-E789-4085-ABDF-6DF2BF066E82}.Debug|x86.Build.0 = Debug|Win32
		{AF947F23-E789-4085-ABDF-6DF2BF066E82}.Release|ARM.ActiveCfg = Release|x64
		{AF947F23-E789-4085-ABDF-6DF2BF066E82}.Release|ARM.Build.0 = Release|x64
		{AF947F23-E789-4085-ABDF-6DF2BF066E82}.Release|ARM64.ActiveCfg = Release|x64
		{AF947F23-E789-4085-ABDF-6DF2BF066E82}.Release|ARM64.Build.0 = Release|x64
		{AF947F23-E789-4085-ABDF-6DF2BF066E82}.Release|x64.ActiveCfg = Release|x64
		{AF947F23-E789-4085-ABDF-6DF2BF066E82}.Release|x64.Build.0 = Release|x64
		{AF947F23-E789-4085-ABDF-6DF2BF066E82}.Release|x86.ActiveCfg = Release|Win32
		{AF947F23-E789-4085-ABDF-6DF2BF066E82}.Release|x86.Build.0 = Release|Win32
	EndGlobalSection
	GlobalSection(SolutionProperties) = preSolution
		HideSolutionNode = FALSE
	EndGlobalSection
	GlobalSection(ExtensibilityGlobals) = postSolution
		SolutionGuid = {2AE9459A-A0DA-45B2-93A5-A9D8BA694688}
	EndGlobalSection
EndGlobal
